
Microsoft Visual Studio Solution File, Format Version 12.00
# Visual Studio Version 18
VisualStudioVersion = 18.3.11206.111
MinimumVisualStudioVersion = 10.0.40219.1
Project("{FAE04EC0-301F-11D3-BF4B-00C04F79EFBC}") = "ProductivityInsights", "ProductivityInsights.csproj", "{A7266381-EB04-462A-943F-B7BD171DC0D7}"
EndProject
Global
	GlobalSection(SolutionConfigurationPlatforms) = preSolution
		Debug|Any CPU = Debug|Any CPU
		Release|Any CPU = Release|Any CPU
	EndGlobalSection
	GlobalSection(ProjectConfigurationPlatforms) = postSolution
		{A7266381-EB04-462A-943F-B7BD171DC0D7}.Debug|Any CPU.ActiveCfg = Debug|Any CPU
		{A7266381-EB04-462A-943F-B7BD171DC0D7}.Debug|Any CPU.Build.0 = Debug|Any CPU
		{A7266381-EB04-462A-943F-B7BD171DC0D7}.Release|Any CPU.ActiveCfg = Release|Any CPU
		{A7266381-EB04-462A-943F-B7BD171DC0D7}.Release|Any CPU.Build.0 = Release|Any CPU
	EndGlobalSection
	GlobalSection(SolutionProperties) = preSolution
		HideSolutionNode = FALSE
	EndGlobalSection
	GlobalSection(ExtensibilityGlobals) = postSolution
		SolutionGuid = {F283E6FA-50FE-4B7C-9B0B-1FD7481C0D8B}
	EndGlobalSection
EndGlobal
